
Microsoft Visual Studio Solution File, Format Version 12.00
# Visual Studio Version 16
VisualStudioVersion = 16.0.32228.343
MinimumVisualStudioVersion = 10.0.40219.1
Project("{FAE04EC0-301F-11D3-BF4B-00C04F79EFBC}") = "DataAccess", "DataAccess\DataAccess.csproj", "{15227E96-3CD9-4DFE-8A42-0DC038347417}"
EndProject
Project("{FAE04EC0-301F-11D3-BF4B-00C04F79EFBC}") = "Business", "Business\Business.csproj", "{0C98EB95-8471-42BF-8EC5-793057888883}"
EndProject
Project("{FAE04EC0-301F-11D3-BF4B-00C04F79EFBC}") = "Entities", "Entities\Entities.csproj", "{3A3633B0-E1D1-480C-B152-3034733863A0}"
EndProject
Project("{FAE04EC0-301F-11D3-BF4B-00C04F79EFBC}") = "ConsoleUI", "ConsoleUI\ConsoleUI.csproj", "{0D85F0F9-AE9A-4E0D-B46A-12F923B463BD}"
EndProject
Global
	GlobalSection(SolutionConfigurationPlatforms) = preSolution
		Debug|Any CPU = Debug|Any CPU
		Release|Any CPU = Release|Any CPU
	EndGlobalSection
	GlobalSection(ProjectConfigurationPlatforms) = postSolution
		{15227E96-3CD9-4DFE-8A42-0DC038347417}.Debug|Any CPU.ActiveCfg = Debug|Any CPU
		{15227E96-3CD9-4DFE-8A42-0DC038347417}.Debug|Any CPU.Build.0 = Debug|Any CPU
		{15227E96-3CD9-4DFE-8A42-0DC038347417}.Release|Any CPU.ActiveCfg = Release|Any CPU
		{15227E96-3CD9-4DFE-8A42-0DC038347417}.Release|Any CPU.Build.0 = Release|Any CPU
		{0C98EB95-8471-42BF-8EC5-793057888883}.Debug|Any CPU.ActiveCfg = Debug|Any CPU
		{0C98EB95-8471-42BF-8EC5-793057888883}.Debug|Any CPU.Build.0 = Debug|Any CPU
		{0C98EB95-8471-42BF-8EC5-793057888883}.Release|Any CPU.ActiveCfg = Release|Any CPU
		{0C98EB95-8471-42BF-8EC5-793057888883}.Release|Any CPU.Build.0 = Release|Any CPU
		{3A3633B0-E1D1-480C-B152-3034733863A0}.Debug|Any CPU.ActiveCfg = Debug|Any CPU
		{3A3633B0-E1D1-480C-B152-3034733863A0}.Debug|Any CPU.Build.0 = Debug|Any CPU
		{3A3633B0-E1D1-480C-B152-3034733863A0}.Release|Any CPU.ActiveCfg = Release|Any CPU
		{3A3633B0-E1D1-480C-B152-3034733863A0}.Release|Any CPU.Build.0 = Release|Any CPU
		{0D85F0F9-AE9A-4E0D-B46A-12F923B463BD}.Debug|Any CPU.ActiveCfg = Debug|Any CPU
		{0D85F0F9-AE9A-4E0D-B46A-12F923B463BD}.Debug|Any CPU.Build.0 = Debug|Any CPU
		{0D85F0F9-AE9A-4E0D-B46A-12F923B463BD}.Release|Any CPU.ActiveCfg = Release|Any CPU
		{0D85F0F9-AE9A-4E0D-B46A-12F923B463BD}.Release|Any CPU.Build.0 = Release|Any CPU
	EndGlobalSection
	GlobalSection(SolutionProperties) = preSolution
		HideSolutionNode = FALSE
	EndGlobalSection
	GlobalSection(ExtensibilityGlobals) = postSolution
		SolutionGuid = {7D38C04D-A72E-49A6-BC01-BC3E4BE4FAB7}
	EndGlobalSection
EndGlobal
